{
  "version": "5",
  "specifiers": {
    "jsr:@std/cli@^1.0.32": "1.0.32",
    "jsr:@std/fmt@^1.0.10": "1.0.10",
    "jsr:@std/internal@^1.0.14": "1.0.14",
    "jsr:@std/yaml@^1.1.2": "1.1.2",
    "npm:jsdom@^29.1.1": "29.1.1"
  },
  "jsr": {
    "@std/cli@1.0.32": {
      "integrity": "188b3a100d6202d64e3f5bd3d799c7fa4f6d77f92cc65eb7f641c1fa0aa92a66",
      "dependencies": [
        "jsr:@std/fmt",
        "jsr:@std/internal"
      ]
    },
    "@std/fmt@1.0.10": {
      "integrity": "90dfba288802ac6de82fb31d0917eb9e4450b9925b954d5e51fc29ac07419db5"
    },
    "@std/internal@1.0.14": {
      "integrity": "291516b3d4c35024d6ffbc0a9df5bf4c64116e05b50012cf846710152d2ffdf7"
    },
    "@std/yaml@1.1.2": {
      "integrity": "de612653c036749ba2044165e316f52412b0f0698afffb7ee80b5331d6d2abae"
    }
  },
  "npm": {
    "@asamuzakjp/css-color@5.1.11": {
      "integrity": "sha512-KVw6qIiCTUQhByfTd78h2yD1/00waTmm9uy/R7Ck/ctUyAPj+AEDLkQIdJW0T8+qGgj3j5bpNKK7Q3G+LedJWg==",
      "dependencies": [
        "@asamuzakjp/generational-cache",
        "@csstools/css-calc",
        "@csstools/css-color-parser",
        "@csstools/css-parser-algorithms",
        "@csstools/css-tokenizer"
      ]
    },
    "@asamuzakjp/dom-selector@7.1.1": {
      "integrity": "sha512-67RZDnYRc8H/8MLDgQCDE//zoqVFwajkepHZgmXrbwybzXOEwOWGPYGmALYl9J2DOLfFPPs6kKCqmbzV895hTQ==",
      "dependencies": [
        "@asamuzakjp/generational-cache",
        "@asamuzakjp/nwsapi",
        "bidi-js",
        "css-tree",
        "is-potential-custom-element-name"
      ]
    },
    "@asamuzakjp/generational-cache@1.0.1": {
      "integrity": "sha512-wajfB8KqzMCN2KGNFdLkReeHncd0AslUSrvHVvvYWuU8ghncRJoA50kT3zP9MVL0+9g4/67H+cdvBskj9THPzg=="
    },
    "@asamuzakjp/nwsapi@2.3.9": {
      "integrity": "sha512-n8GuYSrI9bF7FFZ/SjhwevlHc8xaVlb/7HmHelnc/PZXBD2ZR49NnN9sMMuDdEGPeeRQ5d0hqlSlEpgCX3Wl0Q=="
    },
    "@bramus/specificity@2.4.2": {
      "integrity": "sha512-ctxtJ/eA+t+6q2++vj5j7FYX3nRu311q1wfYH3xjlLOsczhlhxAg2FWNUXhpGvAw3BWo1xBcvOV6/YLc2r5FJw==",
      "dependencies": [
        "css-tree"
      ],
      "bin": true
    },
    "@csstools/color-helpers@6.1.0": {
      "integrity": "sha512-064IFJdjTfUqnjpCVpMOdbr8FLQBhinbZj6yRv2An2E41O/pLEXqfFRWqGq/SxlE5PEUYTlvWsG2r8MswAVvkg=="
    },
    "@csstools/css-calc@3.2.1_@csstools+css-parser-algorithms@4.0.0__@csstools+css-tokenizer@4.0.0_@csstools+css-tokenizer@4.0.0": {
      "integrity": "sha512-DtdHlgXh5ZkA43cwBcAm+huzgJiwx3ZTWVjBs94kwz2xKqSimDA3lBgCjphYgwgVUMWatSM0pDd8TILB1yrVVg==",
      "dependencies": [
        "@csstools/css-parser-algorithms",
        "@csstools/css-tokenizer"
      ]
    },
    "@csstools/css-color-parser@4.1.9_@csstools+css-parser-algorithms@4.0.0__@csstools+css-tokenizer@4.0.0_@csstools+css-tokenizer@4.0.0": {
      "integrity": "sha512-paQcIaOO53Rk5+YrBaBjm/SgrV4INImjo2BT1DtQRYr+XeTRbeAYlS+jxXp9drqvKmtFnWRJKIalDLhZZDu42A==",
      "dependencies": [
        "@csstools/color-helpers",
        "@csstools/css-calc",
        "@csstools/css-parser-algorithms",
        "@csstools/css-tokenizer"
      ]
    },
    "@csstools/css-parser-algorithms@4.0.0_@csstools+css-tokenizer@4.0.0": {
      "integrity": "sha512-+B87qS7fIG3L5h3qwJ/IFbjoVoOe/bpOdh9hAjXbvx0o8ImEmUsGXN0inFOnk2ChCFgqkkGFQ+TpM5rbhkKe4w==",
      "dependencies": [
        "@csstools/css-tokenizer"
      ]
    },
    "@csstools/css-syntax-patches-for-csstree@1.1.6_css-tree@3.2.1": {
      "integrity": "sha512-TcJCWFbXLPpJYq6z7bfOyjWYJDiDg2/I4gyUC9pqPNqHFRIey0EB0q0L5cSnQDfWJg8Jd6VadakxdIez/3zkqQ==",
      "dependencies": [
        "css-tree"
      ],
      "optionalPeers": [
        "css-tree"
      ]
    },
    "@csstools/css-tokenizer@4.0.0": {
      "integrity": "sha512-QxULHAm7cNu72w97JUNCBFODFaXpbDg+dP8b/oWFAZ2MTRppA3U00Y2L1HqaS4J6yBqxwa/Y3nMBaxVKbB/NsA=="
    },
    "@exodus/bytes@1.15.1": {
      "integrity": "sha512-S6mL0yNB/Abt9Ei4tq8gDhcczc4S3+vQ4ra7vxnAf+YHC02srtqxKKZghx2Dq6p0e66THKwR6r8N6P95wEty7Q=="
    },
    "bidi-js@1.0.3": {
      "integrity": "sha512-RKshQI1R3YQ+n9YJz2QQ147P66ELpa1FQEg20Dk8oW9t2KgLbpDLLp9aGZ7y8WHSshDknG0bknqGw5/tyCs5tw==",
      "dependencies": [
        "require-from-string"
      ]
    },
    "css-tree@3.2.1": {
      "integrity": "sha512-X7sjQzceUhu1u7Y/ylrRZFU2FS6LRiFVp6rKLPg23y3x3c3DOKAwuXGDp+PAGjh6CSnCjYeAul8pcT8bAl+lSA==",
      "dependencies": [
        "mdn-data",
        "source-map-js"
      ]
    },
    "data-urls@7.0.0": {
      "integrity": "sha512-23XHcCF+coGYevirZceTVD7NdJOqVn+49IHyxgszm+JIiHLoB2TkmPtsYkNWT1pvRSGkc35L6NHs0yHkN2SumA==",
      "dependencies": [
        "whatwg-mimetype",
        "whatwg-url"
      ]
    },
    "decimal.js@10.6.0": {
      "integrity": "sha512-YpgQiITW3JXGntzdUmyUR1V812Hn8T1YVXhCu+wO3OpS4eU9l4YdD3qjyiKdV6mvV29zapkMeD390UVEf2lkUg=="
    },
    "entities@8.0.0": {
      "integrity": "sha512-zwfzJecQ/Uej6tusMqwAqU/6KL2XaB2VZ2Jg54Je6ahNBGNH6Ek6g3jjNCF0fG9EWQKGZNddNjU5F1ZQn/sBnA=="
    },
    "html-encoding-sniffer@6.0.0": {
      "integrity": "sha512-CV9TW3Y3f8/wT0BRFc1/KAVQ3TUHiXmaAb6VW9vtiMFf7SLoMd1PdAc4W3KFOFETBJUb90KatHqlsZMWV+R9Gg==",
      "dependencies": [
        "@exodus/bytes"
      ]
    },
    "is-potential-custom-element-name@1.0.1": {
      "integrity": "sha512-bCYeRA2rVibKZd+s2625gGnGF/t7DSqDs4dP7CrLA1m7jKWz6pps0LpYLJN8Q64HtmPKJ1hrN3nzPNKFEKOUiQ=="
    },
    "jsdom@29.1.1": {
      "integrity": "sha512-ECi4Fi2f7BdJtUKTflYRTiaMxIB0O6zfR1fX0GXpUrf6flp8QIYn1UT20YQqdSOfk2dfkCwS8LAFoJDEppNK5Q==",
      "dependencies": [
        "@asamuzakjp/css-color",
        "@asamuzakjp/dom-selector",
        "@bramus/specificity",
        "@csstools/css-syntax-patches-for-csstree",
        "@exodus/bytes",
        "css-tree",
        "data-urls",
        "decimal.js",
        "html-encoding-sniffer",
        "is-potential-custom-element-name",
        "lru-cache",
        "parse5",
        "saxes",
        "symbol-tree",
        "tough-cookie",
        "undici",
        "w3c-xmlserializer",
        "webidl-conversions",
        "whatwg-mimetype",
        "whatwg-url",
        "xml-name-validator"
      ]
    },
    "lru-cache@11.5.2": {
      "integrity": "sha512-4pfM1Ff0x50o0tQwb5ucw/RzNyD0/YJME6IVcStalZuMWxdt3sR3huStTtxz4PUmvZfRguvDejasvQ2kifR11g=="
    },
    "mdn-data@2.27.1": {
      "integrity": "sha512-9Yubnt3e8A0OKwxYSXyhLymGW4sCufcLG6VdiDdUGVkPhpqLxlvP5vl1983gQjJl3tqbrM731mjaZaP68AgosQ=="
    },
    "parse5@8.0.1": {
      "integrity": "sha512-z1e/HMG90obSGeidlli3hj7cbocou0/wa5HacvI3ASx34PecNjNQeaHNo5WIZpWofN9kgkqV1q5YvXe3F0FoPw==",
      "dependencies": [
        "entities"
      ]
    },
    "punycode@2.3.1": {
      "integrity": "sha512-vYt7UD1U9Wg6138shLtLOvdAu+8DsC/ilFtEVHcH+wydcSpNE20AfSOduf6MkRFahL5FY7X1oU7nKVZFtfq8Fg=="
    },
    "require-from-string@2.0.2": {
      "integrity": "sha512-Xf0nWe6RseziFMu+Ap9biiUbmplq6S9/p+7w7YXP/JBHhrUDDUhwa+vANyubuqfZWTveU//DYVGsDG7RKL/vEw=="
    },
    "saxes@6.0.0": {
      "integrity": "sha512-xAg7SOnEhrm5zI3puOOKyy1OMcMlIJZYNJY7xLBwSze0UjhPLnWfj2GF2EpT0jmzaJKIWKHLsaSSajf35bcYnA==",
      "dependencies": [
        "xmlchars"
      ]
    },
    "source-map-js@1.2.1": {
      "integrity": "sha512-UXWMKhLOwVKb728IUtQPXxfYU+usdybtUrK/8uGE8CQMvrhOpwvzDBwj0QhSL7MQc7vIsISBG8VQ8+IDQxpfQA=="
    },
    "symbol-tree@3.2.4": {
      "integrity": "sha512-9QNk5KwDF+Bvz+PyObkmSYjI5ksVUYtjW7AU22r2NKcfLJcXp96hkDWU3+XndOsUb+AQ9QhfzfCT2O+CNWT5Tw=="
    },
    "tldts-core@7.4.9": {
      "integrity": "sha512-DxKfPBI52p2msTEu7MPhdpdDTBhhVQg1a/8PjQckeyAvO13eMYElX545grIp6nnTGIMZlRvFZPvFhvI/WIz2Vg=="
    },
    "tldts@7.4.9": {
      "integrity": "sha512-3kZ8wQQ/k5DrChD4X4FVvr2D7E5uoRgAqkPyLpSCGUvqOvqu+JEdr3mwMUaVWb+vMHZaKhF5fp2PBigKsui7hA==",
      "dependencies": [
        "tldts-core"
      ],
      "bin": true
    },
    "tough-cookie@6.0.2": {
      "integrity": "sha512-exgYmnmL/sJpR3upZfXG5PoatXQii55xAiXGXzY+sROLZ/Y+SLcp9PgJNI9Vz37HpQ74WvDcLT8eqm+kV3FzrA==",
      "dependencies": [
        "tldts"
      ]
    },
    "tr46@6.0.0": {
      "integrity": "sha512-bLVMLPtstlZ4iMQHpFHTR7GAGj2jxi8Dg0s2h2MafAE4uSWF98FC/3MomU51iQAMf8/qDUbKWf5GxuvvVcXEhw==",
      "dependencies": [
        "punycode"
      ]
    },
    "undici@7.28.0": {
      "integrity": "sha512-cRZYrTDwWznlnRiPjggAGxZXanty6M8RV1ff8Wm4LWXBp7/IG8v5DnOm74DtUBp9OONpK75YlPnIjQqX0dBDtA=="
    },
    "w3c-xmlserializer@5.0.0": {
      "integrity": "sha512-o8qghlI8NZHU1lLPrpi2+Uq7abh4GGPpYANlalzWxyWteJOCsr/P+oPBA49TOLu5FTZO4d3F9MnWJfiMo4BkmA==",
      "dependencies": [
        "xml-name-validator"
      ]
    },
    "webidl-conversions@8.0.1": {
      "integrity": "sha512-BMhLD/Sw+GbJC21C/UgyaZX41nPt8bUTg+jWyDeg7e7YN4xOM05YPSIXceACnXVtqyEw/LMClUQMtMZ+PGGpqQ=="
    },
    "whatwg-mimetype@5.0.0": {
      "integrity": "sha512-sXcNcHOC51uPGF0P/D4NVtrkjSU2fNsm9iog4ZvZJsL3rjoDAzXZhkm2MWt1y+PUdggKAYVoMAIYcs78wJ51Cw=="
    },
    "whatwg-url@16.0.1": {
      "integrity": "sha512-1to4zXBxmXHV3IiSSEInrreIlu02vUOvrhxJJH5vcxYTBDAx51cqZiKdyTxlecdKNSjj8EcxGBxNf6Vg+945gw==",
      "dependencies": [
        "@exodus/bytes",
        "tr46",
        "webidl-conversions"
      ]
    },
    "xml-name-validator@5.0.0": {
      "integrity": "sha512-EvGK8EJ3DhaHfbRlETOWAS5pO9MZITeauHKJyb8wyajUfQUenkIg2MvLDTZ4T/TgIcm3HU0TFBgWWboAZ30UHg=="
    },
    "xmlchars@2.2.0": {
      "integrity": "sha512-JZnDKK8B0RCDw84FNdDAIpZK+JuJw+s7Lz8nksI7SIuU3UXJJslUthsi+uWBUYOwPFwW7W7PRLRfUKpxjtjFCw=="
    }
  },
  "remote": {
    "https://deno.land/std@0.207.0/assert/assert.ts": "9a97dad6d98c238938e7540736b826440ad8c1c1e54430ca4c4e623e585607ee",
    "https://deno.land/std@0.207.0/assert/assertion_error.ts": "4d0bde9b374dfbcbe8ac23f54f567b77024fb67dbb1906a852d67fe050d42f56",
    "https://deno.land/std@0.207.0/cli/parse_args.ts": "9bea02050b3f302e706871ff87ecfa3ad82cc34249adbe0dcddfaac75bdb48ff",
    "https://deno.land/std@0.215.0/yaml/_dumper/dumper.ts": "4b99e84f2827da0e88684527baa87e52f2bb7dcead365204877ab90b902afe7a",
    "https://deno.land/std@0.215.0/yaml/_dumper/dumper_state.ts": "ea262b459dc891c4828a0f814841abfe12d160d319c4b57eb11ed0c768cfcb6b",
    "https://deno.land/std@0.215.0/yaml/_error.ts": "f38cdebdb69cde16903d9aa2f3b8a3dd9d13e5f7f3570bf662bfaca69fef669e",
    "https://deno.land/std@0.215.0/yaml/_state.ts": "f3b1c1fd11860302f1f33e35e9ce089bf069d4943e8d67516cd6bedbba058c13",
    "https://deno.land/std@0.215.0/yaml/_type/binary.ts": "26216e8f306e62401ba00e306e93cdd5fb88da361cdaa567e63ee216dc3ebf93",
    "https://deno.land/std@0.215.0/yaml/_type/bool.ts": "121743b23ba82a27ad6a3ec6298c7f5b0908f90e52707f8644a91f7ad51ed2ef",
    "https://deno.land/std@0.215.0/yaml/_type/float.ts": "0715349f2159746e2ef9d1d84b90aeb00a123caaa8f5b74cd3c95000743e8174",
    "https://deno.land/std@0.215.0/yaml/_type/function.ts": "bbf705058942bf3370604b37eb77a10aadd72f986c237c9f69b43378a42202c1",
    "https://deno.land/std@0.215.0/yaml/_type/int.ts": "0f595280172b6b39229713a4f8808ca78e6f99da9bc3e5c53135c50ed0a7e83d",
    "https://deno.land/std@0.215.0/yaml/_type/map.ts": "ae2acb1cb837fb8e96c75c98611cfd45af847d0114ab5336333c318e7d4b12f4",
    "https://deno.land/std@0.215.0/yaml/_type/merge.ts": "ad0d971f91d2fb9f4ab3eba0c837eae357b1804d6b798adc99dc917bc5306b11",
    "https://deno.land/std@0.215.0/yaml/_type/mod.ts": "e8929d7b1c969a74f76338d4eb380ef8c4a26cd6441117d521f076b766e9c265",
    "https://deno.land/std@0.215.0/yaml/_type/nil.ts": "cbe4387d02d5933322c21b25d8955c5e6228c492e391a6fb82dcf4f498cc421c",
    "https://deno.land/std@0.215.0/yaml/_type/omap.ts": "cda915105ab22ba9e1d6317adacee8eec2d8ddaf864cc2f814e3e476946e72c6",
    "https://deno.land/std@0.215.0/yaml/_type/pairs.ts": "f97d7dc2b3fa18e246763f44147f6df0d6036c7e122af3e7b6692e4a6b0e289f",
    "https://deno.land/std@0.215.0/yaml/_type/regexp.ts": "e49eb9e1c9356fd142bc15f7f323820d411fcc537b5ba3896df9a8b812d270a4",
    "https://deno.land/std@0.215.0/yaml/_type/seq.ts": "2deffc7f970869bc01a1541b4961d076329a1c2b30b95e07918f3132db7c3fe2",
    "https://deno.land/std@0.215.0/yaml/_type/set.ts": "be8a9e7237a7ffc92dfbe7f5e552d84b7eeba60f3f73cc77fc3c59d3506c74ea",
    "https://deno.land/std@0.215.0/yaml/_type/str.ts": "88f0a1ba12295520cd57e96cd78d53aa0787d53c7a1c506155f418c496c2f550",
    "https://deno.land/std@0.215.0/yaml/_type/timestamp.ts": "57a6bb4a0f0bd5eab85a1f0ee5ac8820fd3125ea939dc8a037de997a2b6ad05d",
    "https://deno.land/std@0.215.0/yaml/_type/undefined.ts": "9d215953c65740f1764e0bdca021007573473f0c49e087f00d9ff02817ecfc97",
    "https://deno.land/std@0.215.0/yaml/_utils.ts": "91bbe28b5e7000b9594e40ff5353f8fe7a7ba914eec917e1202cbaf5ac931c58",
    "https://deno.land/std@0.215.0/yaml/schema.ts": "dae089ffa1ac4a2b031176aa019e126be6f7230a3011de38463ead8639b14739",
    "https://deno.land/std@0.215.0/yaml/schema/core.ts": "1222f9401e2a0c1d38e63d753da98be333e61a6032335e9c46a68bd45ecce85a",
    "https://deno.land/std@0.215.0/yaml/schema/default.ts": "b77c71cfd453951dd828e5f2f02f9f37335c9c0a49c8051d1a9653fa82357740",
    "https://deno.land/std@0.215.0/yaml/schema/extended.ts": "996da59626409047b5c1a2d68bdbeead43914cedede47c5923e80ae4febe7d24",
    "https://deno.land/std@0.215.0/yaml/schema/failsafe.ts": "24b2b630cef6fcce7de6d29db651523b0f49e5691d690931c42ecf4823837fdb",
    "https://deno.land/std@0.215.0/yaml/schema/json.ts": "0fb9268282d266c24d963e75ef77f51accbbb74f40713a99e83ad621a81bc9ae",
    "https://deno.land/std@0.215.0/yaml/schema/mod.ts": "9bf7ff80c2a246f781bdcab979211d0389760831a974cf5883bf2016567e3507",
    "https://deno.land/std@0.215.0/yaml/stringify.ts": "580f8b2fa56e3233424520d8242f4fc0edf41ac54a6a6d2f6f8e0b6e99cd63c0",
    "https://deno.land/std@0.215.0/yaml/type.ts": "708dde5f20b01cc1096489b7155b6af79a217d585afb841128e78c3c2391eb5c"
  },
  "workspace": {
    "dependencies": [
      "jsr:@std/cli@^1.0.32",
      "jsr:@std/yaml@^1.1.2",
      "npm:jsdom@^29.1.1"
    ]
  }
}
